
Microsoft Visual Studio Solution File, Format Version 12.00
Project("{FAE04EC0-301F-11D3-BF4B-00C04F79EFBC}") = "CalculatorExample", "CalculatorExample\CalculatorExample.csproj", "{6E23CBEF-496A-4015-BBE4-F844BFFDF5B5}"
EndProject
Project("{FAE04EC0-301F-11D3-BF4B-00C04F79EFBC}") = "CalculatorExample.Tests", "CalculatorExample.Tests\CalculatorExample.Tests.csproj", "{FBEDE9ED-20D9-4369-889B-5E969A7D17B2}"
EndProject
Global
	GlobalSection(SolutionConfigurationPlatforms) = preSolution
		Debug|Any CPU = Debug|Any CPU
		Release|Any CPU = Release|Any CPU
	EndGlobalSection
	GlobalSection(ProjectConfigurationPlatforms) = postSolution
		{6E23CBEF-496A-4015-BBE4-F844BFFDF5B5}.Debug|Any CPU.ActiveCfg = Debug|Any CPU
		{6E23CBEF-496A-4015-BBE4-F844BFFDF5B5}.Debug|Any CPU.Build.0 = Debug|Any CPU
		{6E23CBEF-496A-4015-BBE4-F844BFFDF5B5}.Release|Any CPU.ActiveCfg = Release|Any CPU
		{6E23CBEF-496A-4015-BBE4-F844BFFDF5B5}.Release|Any CPU.Build.0 = Release|Any CPU
		{FBEDE9ED-20D9-4369-889B-5E969A7D17B2}.Debug|Any CPU.ActiveCfg = Debug|Any CPU
		{FBEDE9ED-20D9-4369-889B-5E969A7D17B2}.Debug|Any CPU.Build.0 = Debug|Any CPU
		{FBEDE9ED-20D9-4369-889B-5E969A7D17B2}.Release|Any CPU.ActiveCfg = Release|Any CPU
		{FBEDE9ED-20D9-4369-889B-5E969A7D17B2}.Release|Any CPU.Build.0 = Release|Any CPU
	EndGlobalSection
EndGlobal
